
Microsoft Visual Studio Solution File, Format Version 12.00
# Visual Studio Version 17
VisualStudioVersion = 17.4.33103.184
MinimumVisualStudioVersion = 10.0.40219.1
Project("{FAE04EC0-301F-11D3-BF4B-00C04F79EFBC}") = "GestorRSI", "GestorRSI\GestorRSI.csproj", "{7817A53F-D4B3-4E3B-8F69-5375408C1837}"
EndProject
Global
	GlobalSection(SolutionConfigurationPlatforms) = preSolution
		Debug|Any CPU = Debug|Any CPU
		Release|Any CPU = Release|Any CPU
	EndGlobalSection
	GlobalSection(ProjectConfigurationPlatforms) = postSolution
		{7817A53F-D4B3-4E3B-8F69-5375408C1837}.Debug|Any CPU.ActiveCfg = Debug|Any CPU
		{7817A53F-D4B3-4E3B-8F69-5375408C1837}.Debug|Any CPU.Build.0 = Debug|Any CPU
		{7817A53F-D4B3-4E3B-8F69-5375408C1837}.Release|Any CPU.ActiveCfg = Release|Any CPU
		{7817A53F-D4B3-4E3B-8F69-5375408C1837}.Release|Any CPU.Build.0 = Release|Any CPU
	EndGlobalSection
	GlobalSection(SolutionProperties) = preSolution
		HideSolutionNode = FALSE
	EndGlobalSection
	GlobalSection(ExtensibilityGlobals) = postSolution
		SolutionGuid = {13613B07-5F67-4F99-A701-D7A7D97D8A22}
	EndGlobalSection
EndGlobal
